# Pinned revision of the shared standard this repo follows.
# https://github.com/kgsmith19/agent-engineering-standard
# Upgrades are explicit reviewed changes, never silent drift onto a moving branch.
standard: kgsmith19/agent-engineering-standard
sha: 81d58318a617ddf0777fef8f73d2fab25f433e34
pinned_at: "2026-08-08"
