# Pinned revision of the shared engineering standard this repo follows.
# https://github.com/kgsmith19/agent-engineering-standard
# Upgrading is an explicit reviewed change, never silent tracking of the default branch.
standard: kgsmith19/agent-engineering-standard
commit: 81d58318a617ddf0777fef8f73d2fab25f433e34
pinned_at: "2026-08-08"
